
Microsoft Visual Studio Solution File, Format Version 12.00
# Visual Studio Version 16
VisualStudioVersion = 16.0.29519.87
MinimumVisualStudioVersion = 10.0.40219.1
Project("{FAE04EC0-301F-11D3-BF4B-00C04F79EFBC}") = "WorldEngine", "WorldEngine\WorldEngine.csproj", "{3B4EC176-0363-47E6-B841-EE8311791941}"
EndProject
Project("{FAE04EC0-301F-11D3-BF4B-00C04F79EFBC}") = "WorldEngineTest", "WorldEngineTest\WorldEngineTest.csproj", "{BD6F5A4B-A413-4387-A03A-F2886BD0FF0B}"
EndProject
Global
	GlobalSection(SolutionConfigurationPlatforms) = preSolution
		Debug|Any CPU = Debug|Any CPU
		Release|Any CPU = Release|Any CPU
	EndGlobalSection
	GlobalSection(ProjectConfigurationPlatforms) = postSolution
		{3B4EC176-0363-47E6-B841-EE8311791941}.Debug|Any CPU.ActiveCfg = Debug|Any CPU
		{3B4EC176-0363-47E6-B841-EE8311791941}.Debug|Any CPU.Build.0 = Debug|Any CPU
		{3B4EC176-0363-47E6-B841-EE8311791941}.Release|Any CPU.ActiveCfg = Release|Any CPU
		{3B4EC176-0363-47E6-B841-EE8311791941}.Release|Any CPU.Build.0 = Release|Any CPU
		{BD6F5A4B-A413-4387-A03A-F2886BD0FF0B}.Debug|Any CPU.ActiveCfg = Debug|Any CPU
		{BD6F5A4B-A413-4387-A03A-F2886BD0FF0B}.Debug|Any CPU.Build.0 = Debug|Any CPU
		{BD6F5A4B-A413-4387-A03A-F2886BD0FF0B}.Release|Any CPU.ActiveCfg = Release|Any CPU
		{BD6F5A4B-A413-4387-A03A-F2886BD0FF0B}.Release|Any CPU.Build.0 = Release|Any CPU
	EndGlobalSection
	GlobalSection(SolutionProperties) = preSolution
		HideSolutionNode = FALSE
	EndGlobalSection
	GlobalSection(ExtensibilityGlobals) = postSolution
		SolutionGuid = {0F45D47D-8A72-42E0-997A-1DFF502C8D80}
	EndGlobalSection
EndGlobal
